// !$*UTF8*$!
{
	archiveVersion = 1;
	classes = {
	};
	objectVersion = 52;
	objects = {

/* Begin PBXBuildFile section */
		85703BAA245B671200410003 /* Core in Frameworks */ = {isa = PBXBuildFile; productRef = 85703BA9245B671200410003 /* Core */; };
		85DBD4C7245B5BD400754B36 /* AppDelegate.swift in Sources */ = {isa = PBXBuildFile; fileRef = 85DBD4C6245B5BD400754B36 /* AppDelegate.swift */; };
		85DBD4C9245B5BD400754B36 /* SceneDelegate.swift in Sources */ = {isa = PBXBuildFile; fileRef = 85DBD4C8245B5BD400754B36 /* SceneDelegate.swift */; };
		85DBD4CB245B5BD400754B36 /* ViewController.swift in Sources */ = {isa = PBXBuildFile; fileRef = 85DBD4CA245B5BD400754B36 /* ViewController.swift */; };
		85DBD4CE245B5BD400754B36 /* Main.storyboard in Resources */ = {isa = PBXBuildFile; fileRef = 85DBD4CC245B5BD400754B36 /* Main.storyboard */; };
		85DBD4D0245B5BD700754B36 /* Assets.xcassets in Resources */ = {isa = PBXBuildFile; fileRef = 85DBD4CF245B5BD700754B36 /* Assets.xcassets */; };
		85DBD4D3245B5BD700754B36 /* LaunchScreen.storyboard in Resources */ = {isa = PBXBuildFile; fileRef = 85DBD4D1245B5BD700754B36 /* LaunchScreen.storyboard */; };
/* End PBXBuildFile section */

/* Begin PBXFileReference section */
		85703BA7245B64AF00410003 /* Core */ = {isa = PBXFileReference; lastKnownFileType = folder; name = Core; path = Modules/Core; sourceTree = "<group>"; };
		85DBD4C3245B5BD400754B36 /* SPM-Exploration.app */ = {isa = PBXFileReference; explicitFileType = wrapper.application; includeInIndex = 0; path = "SPM-Exploration.app"; sourceTree = BUILT_PRODUCTS_DIR; };
		85DBD4C6245B5BD400754B36 /* AppDelegate.swift */ = {isa = PBXFileReference; lastKnownFileType = sourcecode.swift; path = AppDelegate.swift; sourceTree = "<group>"; };
		85DBD4C8245B5BD400754B36 /* SceneDelegate.swift */ = {isa = PBXFileReference; lastKnownFileType = sourcecode.swift; path = SceneDelegate.swift; sourceTree = "<group>"; };
		85DBD4CA245B5BD400754B36 /* ViewController.swift */ = {isa = PBXFileReference; lastKnownFileType = sourcecode.swift; path = ViewController.swift; sourceTree = "<group>"; };
		85DBD4CD245B5BD400754B36 /* Base */ = {isa = PBXFileReference; lastKnownFileType = file.storyboard; name = Base; path = Base.lproj/Main.storyboard; sourceTree = "<group>"; };
		85DBD4CF245B5BD700754B36 /* Assets.xcassets */ = {isa = PBXFileReference; lastKnownFileType = folder.assetcatalog; path = Assets.xcassets; sourceTree = "<group>"; };
		85DBD4D2245B5BD700754B36 /* Base */ = {isa = PBXFileReference; lastKnownFileType = file.storyboard; name = Base; path = Base.lproj/LaunchScreen.storyboard; sourceTree = "<group>"; };
		85DBD4D4245B5BD700754B36 /* Info.plist */ = {isa = PBXFileReference; lastKnownFileType = text.plist.xml; path = Info.plist; sourceTree = "<group>"; };
/* End PBXFileReference section */

/* Begin PBXFrameworksBuildPhase section */
		85DBD4C0245B5BD400754B36 /* Frameworks */ = {
			isa = PBXFrameworksBuildPhase;
			buildActionMask = 2147483647;
			files = (
				85703BAA245B671200410003 /* Core in Frameworks */,
			);
			runOnlyForDeploymentPostprocessing = 0;
		};
/* End PBXFrameworksBuildPhase section */

/* Begin PBXGroup section */
		85703BA8245B671200410003 /* Frameworks */ = {
			isa = PBXGroup;
			children = (
			);
			name = Frameworks;
			sourceTree = "<group>";
		};
		85DBD4BA245B5BD400754B36 = {
			isa = PBXGroup;
			children = (
				85DBD4C5245B5BD400754B36 /* SPM-Exploration */,
				85DBD4C4245B5BD400754B36 /* Products */,
				85703BA7245B64AF00410003 /* Core */,
				85703BA8245B671200410003 /* Frameworks */,
			);
			sourceTree = "<group>";
		};
		85DBD4C4245B5BD400754B36 /* Products */ = {
			isa = PBXGroup;
			children = (
				85DBD4C3245B5BD400754B36 /* SPM-Exploration.app */,
			);
			name = Products;
			sourceTree = "<group>";
		};
		85DBD4C5245B5BD400754B36 /* SPM-Exploration */ = {
			isa = PBXGroup;
			children = (
				85DBD4C6245B5BD400754B36 /* AppDelegate.swift */,
				85DBD4C8245B5BD400754B36 /* SceneDelegate.swift */,
				85DBD4CA245B5BD400754B36 /* ViewController.swift */,
				85DBD4CC245B5BD400754B36 /* Main.storyboard */,
				85DBD4CF245B5BD700754B36 /* Assets.xcassets */,
				85DBD4D1245B5BD700754B36 /* LaunchScreen.storyboard */,
				85DBD4D4245B5BD700754B36 /* Info.plist */,
			);
			path = "SPM-Exploration";
			sourceTree = "<group>";
		};
/* End PBXGroup section */

/* Begin PBXNativeTarget section */
		85DBD4C2245B5BD400754B36 /* SPM-Exploration */ = {
			isa = PBXNativeTarget;
			buildConfigurationList = 85DBD4D7245B5BD700754B36 /* Build configuration list for PBXNativeTarget "SPM-Exploration" */;
			buildPhases = (
				85DBD4BF245B5BD400754B36 /* Sources */,
				85DBD4C0245B5BD400754B36 /* Frameworks */,
				85DBD4C1245B5BD400754B36 /* Resources */,
			);
			buildRules = (
			);
			dependencies = (
			);
			name = "SPM-Exploration";
			packageProductDependencies = (
				85703BA9245B671200410003 /* Core */,
			);
			productName = "SPM-Exploration";
			productReference = 85DBD4C3245B5BD400754B36 /* SPM-Exploration.app */;
			productType = "com.apple.product-type.application";
		};
/* End PBXNativeTarget section */

/* Begin PBXProject section */
		85DBD4BB245B5BD400754B36 /* Project object */ = {
			isa = PBXProject;
			attributes = {
				LastSwiftUpdateCheck = 1140;
				LastUpgradeCheck = 1140;
				ORGANIZATIONNAME = "Kyle Watson";
				TargetAttributes = {
					85DBD4C2245B5BD400754B36 = {
						CreatedOnToolsVersion = 11.4.1;
					};
				};
			};
			buildConfigurationList = 85DBD4BE245B5BD400754B36 /* Build configuration list for PBXProject "SPM-Exploration" */;
			compatibilityVersion = "Xcode 9.3";
			developmentRegion = en;
			hasScannedForEncodings = 0;
			knownRegions = (
				en,
				Base,
			);
			mainGroup = 85DBD4BA245B5BD400754B36;
			packageReferences = (
			);
			productRefGroup = 85DBD4C4245B5BD400754B36 /* Products */;
			projectDirPath = "";
			projectRoot = "";
			targets = (
				85DBD4C2245B5BD400754B36 /* SPM-Exploration */,
			);
		};
/* End PBXProject section */

/* Begin PBXResourcesBuildPhase section */
		85DBD4C1245B5BD400754B36 /* Resources */ = {
			isa = PBXResourcesBuildPhase;
			buildActionMask = 2147483647;
			files = (
				85DBD4D3245B5BD700754B36 /* LaunchScreen.storyboard in Resources */,
				85DBD4D0245B5BD700754B36 /* Assets.xcassets in Resources */,
				85DBD4CE245B5BD400754B36 /* Main.storyboard in Resources */,
			);
			runOnlyForDeploymentPostprocessing = 0;
		};
/* End PBXResourcesBuildPhase section */

/* Begin PBXSourcesBuildPhase section */
		85DBD4BF245B5BD400754B36 /* Sources */ = {
			isa = PBXSourcesBuildPhase;
			buildActionMask = 2147483647;
			files = (
				85DBD4CB245B5BD400754B36 /* ViewController.swift in Sources */,
				85DBD4C7245B5BD400754B36 /* AppDelegate.swift in Sources */,
				85DBD4C9245B5BD400754B36 /* SceneDelegate.swift in Sources */,
			);
			runOnlyForDeploymentPostprocessing = 0;
		};
/* End PBXSourcesBuildPhase section */

/* Begin PBXVariantGroup section */
		85DBD4CC245B5BD400754B36 /* Main.storyboard */ = {
			isa = PBXVariantGroup;
			children = (
				85DBD4CD245B5BD400754B36 /* Base */,
			);
			name = Main.storyboard;
			sourceTree = "<group>";
		};
		85DBD4D1245B5BD700754B36 /* LaunchScreen.storyboard */ = {
			isa = PBXVariantGroup;
			children = (
				85DBD4D2245B5BD700754B36 /* Base */,
			);
			name = LaunchScreen.storyboard;
			sourceTree = "<group>";
		};
/* End PBXVariantGroup section */

/* Begin XCBuildConfiguration section */
		85DBD4D5245B5BD700754B36 /* Debug */ = {
			isa = XCBuildConfiguration;
			buildSettings = {
				ALWAYS_SEARCH_USER_PATHS = NO;
				CLANG_ANALYZER_NONNULL = YES;
				CLANG_ANALYZER_NUMBER_OBJECT_CONVERSION = YES_AGGRESSIVE;
				CLANG_CXX_LANGUAGE_STANDARD = "gnu++14";
				CLANG_CXX_LIBRARY = "libc++";
				CLANG_ENABLE_MODULES = YES;
				CLANG_ENABLE_OBJC_ARC = YES;
				CLANG_ENABLE_OBJC_WEAK = YES;
				CLANG_WARN_BLOCK_CAPTURE_AUTORELEASING = YES;
				CLANG_WARN_BOOL_CONVERSION = YES;
				CLANG_WARN_COMMA = YES;
				CLANG_WARN_CONSTANT_CONVERSION = YES;
				CLANG_WARN_DEPRECATED_OBJC_IMPLEMENTATIONS = YES;
				CLANG_WARN_DIRECT_OBJC_ISA_USAGE = YES_ERROR;
				CLANG_WARN_DOCUMENTATION_COMMENTS = YES;
				CLANG_WARN_EMPTY_BODY = YES;
				CLANG_WARN_ENUM_CONVERSION = YES;
				CLANG_WARN_INFINITE_RECURSION = YES;
				CLANG_WARN_INT_CONVERSION = YES;
				CLANG_WARN_NON_LITERAL_NULL_CONVERSION = YES;
				CLANG_WARN_OBJC_IMPLICIT_RETAIN_SELF = YES;
				CLANG_WARN_OBJC_LITERAL_CONVERSION = YES;
				CLANG_WARN_OBJC_ROOT_CLASS = YES_ERROR;
				CLANG_WARN_RANGE_LOOP_ANALYSIS = YES;
				CLANG_WARN_STRICT_PROTOTYPES = YES;
				CLANG_WARN_SUSPICIOUS_MOVE = YES;
				CLANG_WARN_UNGUARDED_AVAILABILITY = YES_AGGRESSIVE;
				CLANG_WARN_UNREACHABLE_CODE = YES;
				CLANG_WARN__DUPLICATE_METHOD_MATCH = YES;
				COPY_PHASE_STRIP = NO;
				DEBUG_INFORMATION_FORMAT = dwarf;
				ENABLE_STRICT_OBJC_MSGSEND = YES;
				ENABLE_TESTABILITY = YES;
				GCC_C_LANGUAGE_STANDARD = gnu11;
				GCC_DYNAMIC_NO_PIC = NO;
				GCC_NO_COMMON_BLOCKS = YES;
				GCC_OPTIMIZATION_LEVEL = 0;
				GCC_PREPROCESSOR_DEFINITIONS = (
					"DEBUG=1",
					"$(inherited)",
				);
				GCC_WARN_64_TO_32_BIT_CONVERSION = YES;
				GCC_WARN_ABOUT_RETURN_TYPE = YES_ERROR;
				GCC_WARN_UNDECLARED_SELECTOR = YES;
				GCC_WARN_UNINITIALIZED_AUTOS = YES_AGGRESSIVE;
				GCC_WARN_UNUSED_FUNCTION = YES;
				GCC_WARN_UNUSED_VARIABLE = YES;
				IPHONEOS_DEPLOYMENT_TARGET = 13.4;
				MTL_ENABLE_DEBUG_INFO = INCLUDE_SOURCE;
				MTL_FAST_MATH = YES;
				ONLY_ACTIVE_ARCH = YES;
				SDKROOT = iphoneos;
				SWIFT_ACTIVE_COMPILATION_CONDITIONS = DEBUG;
				SWIFT_OPTIMIZATION_LEVEL = "-Onone";
			};
			name = Debug;
		};
		85DBD4D6245B5BD700754B36 /* Release */ = {
			isa = XCBuildConfiguration;
			buildSettings = {
				ALWAYS_SEARCH_USER_PATHS = NO;
				CLANG_ANALYZER_NONNULL = YES;
				CLANG_ANALYZER_NUMBER_OBJECT_CONVERSION = YES_AGGRESSIVE;
				CLANG_CXX_LANGUAGE_STANDARD = "gnu++14";
				CLANG_CXX_LIBRARY = "libc++";
				CLANG_ENABLE_MODULES = YES;
				CLANG_ENABLE_OBJC_ARC = YES;
				CLANG_ENABLE_OBJC_WEAK = YES;
				CLANG_WARN_BLOCK_CAPTURE_AUTORELEASING = YES;
				CLANG_WARN_BOOL_CONVERSION = YES;
				CLANG_WARN_COMMA = YES;
				CLANG_WARN_CONSTANT_CONVERSION = YES;
				CLANG_WARN_DEPRECATED_OBJC_IMPLEMENTATIONS = YES;
				CLANG_WARN_DIRECT_OBJC_ISA_USAGE = YES_ERROR;
				CLANG_WARN_DOCUMENTATION_COMMENTS = YES;
				CLANG_WARN_EMPTY_BODY = YES;
				CLANG_WARN_ENUM_CONVERSION = YES;
				CLANG_WARN_INFINITE_RECURSION = YES;
				CLANG_WARN_INT_CONVERSION = YES;
				CLANG_WARN_NON_LITERAL_NULL_CONVERSION = YES;
				CLANG_WARN_OBJC_IMPLICIT_RETAIN_SELF = YES;
				CLANG_WARN_OBJC_LITERAL_CONVERSION = YES;
				CLANG_WARN_OBJC_ROOT_CLASS = YES_ERROR;
				CLANG_WARN_RANGE_LOOP_ANALYSIS = YES;
				CLANG_WARN_STRICT_PROTOTYPES = YES;
				CLANG_WARN_SUSPICIOUS_MOVE = YES;
				CLANG_WARN_UNGUARDED_AVAILABILITY = YES_AGGRESSIVE;
				CLANG_WARN_UNREACHABLE_CODE = YES;
				CLANG_WARN__DUPLICATE_METHOD_MATCH = YES;
				COPY_PHASE_STRIP = NO;
				DEBUG_INFORMATION_FORMAT = "dwarf-with-dsym";
				ENABLE_NS_ASSERTIONS = NO;
				ENABLE_STRICT_OBJC_MSGSEND = YES;
				GCC_C_LANGUAGE_STANDARD = gnu11;
				GCC_NO_COMMON_BLOCKS = YES;
				GCC_WARN_64_TO_32_BIT_CONVERSION = YES;
				GCC_WARN_ABOUT_RETURN_TYPE = YES_ERROR;
				GCC_WARN_UNDECLARED_SELECTOR = YES;
				GCC_WARN_UNINITIALIZED_AUTOS = YES_AGGRESSIVE;
				GCC_WARN_UNUSED_FUNCTION = YES;
				GCC_WARN_UNUSED_VARIABLE = YES;
				IPHONEOS_DEPLOYMENT_TARGET = 13.4;
				MTL_ENABLE_DEBUG_INFO = NO;
				MTL_FAST_MATH = YES;
				SDKROOT = iphoneos;
				SWIFT_COMPILATION_MODE = wholemodule;
				SWIFT_OPTIMIZATION_LEVEL = "-O";
				VALIDATE_PRODUCT = YES;
			};
			name = Release;
		};
		85DBD4D8245B5BD700754B36 /* Debug */ = {
			isa = XCBuildConfiguration;
			buildSettings = {
				ASSETCATALOG_COMPILER_APPICON_NAME = AppIcon;
				CODE_SIGN_STYLE = Automatic;
				INFOPLIST_FILE = "SPM-Exploration/Info.plist";
				LD_RUNPATH_SEARCH_PATHS = (
					"$(inherited)",
					"@executable_path/Frameworks",
				);
				PRODUCT_BUNDLE_IDENTIFIER = "com.kylewats.SPM-Exploration";
				PRODUCT_NAME = "$(TARGET_NAME)";
				SWIFT_VERSION = 5.0;
				TARGETED_DEVICE_FAMILY = "1,2";
			};
			name = Debug;
		};
		85DBD4D9245B5BD700754B36 /* Release */ = {
			isa = XCBuildConfiguration;
			buildSettings = {
				ASSETCATALOG_COMPILER_APPICON_NAME = AppIcon;
				CODE_SIGN_STYLE = Automatic;
				INFOPLIST_FILE = "SPM-Exploration/Info.plist";
				LD_RUNPATH_SEARCH_PATHS = (
					"$(inherited)",
					"@executable_path/Frameworks",
				);
				PRODUCT_BUNDLE_IDENTIFIER = "com.kylewats.SPM-Exploration";
				PRODUCT_NAME = "$(TARGET_NAME)";
				SWIFT_VERSION = 5.0;
				TARGETED_DEVICE_FAMILY = "1,2";
			};
			name = Release;
		};
/* End XCBuildConfiguration section */

/* Begin XCConfigurationList section */
		85DBD4BE245B5BD400754B36 /* Build configuration list for PBXProject "SPM-Exploration" */ = {
			isa = XCConfigurationList;
			buildConfigurations = (
				85DBD4D5245B5BD700754B36 /* Debug */,
				85DBD4D6245B5BD700754B36 /* Release */,
			);
			defaultConfigurationIsVisible = 0;
			defaultConfigurationName = Release;
		};
		85DBD4D7245B5BD700754B36 /* Build configuration list for PBXNativeTarget "SPM-Exploration" */ = {
			isa = XCConfigurationList;
			buildConfigurations = (
				85DBD4D8245B5BD700754B36 /* Debug */,
				85DBD4D9245B5BD700754B36 /* Release */,
			);
			defaultConfigurationIsVisible = 0;
			defaultConfigurationName = Release;
		};
/* End XCConfigurationList section */

/* Begin XCSwiftPackageProductDependency section */
		85703BA9245B671200410003 /* Core */ = {
			isa = XCSwiftPackageProductDependency;
			productName = Core;
		};
/* End XCSwiftPackageProductDependency section */
	};
	rootObject = 85DBD4BB245B5BD400754B36 /* Project object */;
}
